
Microsoft Visual Studio Solution File, Format Version 12.00
# Visual Studio Version 17
VisualStudioVersion = 17.14.36908.2 d17.14
MinimumVisualStudioVersion = 10.0.40219.1
Project("{FAE04EC0-301F-11D3-BF4B-00C04F79EFBC}") = "OOP Concept", "OOP Concept\OOP Concept.csproj", "{D233E107-1918-47AC-9DC3-ABD8E2A3C388}"
EndProject
Global
	GlobalSection(SolutionConfigurationPlatforms) = preSolution
		Debug|Any CPU = Debug|Any CPU
		Release|Any CPU = Release|Any CPU
	EndGlobalSection
	GlobalSection(ProjectConfigurationPlatforms) = postSolution
		{D233E107-1918-47AC-9DC3-ABD8E2A3C388}.Debug|Any CPU.ActiveCfg = Debug|Any CPU
		{D233E107-1918-47AC-9DC3-ABD8E2A3C388}.Debug|Any CPU.Build.0 = Debug|Any CPU
		{D233E107-1918-47AC-9DC3-ABD8E2A3C388}.Release|Any CPU.ActiveCfg = Release|Any CPU
		{D233E107-1918-47AC-9DC3-ABD8E2A3C388}.Release|Any CPU.Build.0 = Release|Any CPU
	EndGlobalSection
	GlobalSection(SolutionProperties) = preSolution
		HideSolutionNode = FALSE
	EndGlobalSection
	GlobalSection(ExtensibilityGlobals) = postSolution
		SolutionGuid = {05B5CDE9-7407-4376-9339-90F94E6D4CBB}
	EndGlobalSection
EndGlobal
